
Microsoft Visual Studio Solution File, Format Version 12.00
# Visual Studio Version 17
VisualStudioVersion = 17.3.32929.385
MinimumVisualStudioVersion = 10.0.40219.1
Project("{FAE04EC0-301F-11D3-BF4B-00C04F79EFBC}") = "EmailAPI", "EmailAPI\EmailAPI.csproj", "{23193B47-9C84-4A97-8F71-E3053ABEDBD2}"
EndProject
Global
	GlobalSection(SolutionConfigurationPlatforms) = preSolution
		Debug|Any CPU = Debug|Any CPU
		Release|Any CPU = Release|Any CPU
	EndGlobalSection
	GlobalSection(ProjectConfigurationPlatforms) = postSolution
		{23193B47-9C84-4A97-8F71-E3053ABEDBD2}.Debug|Any CPU.ActiveCfg = Debug|Any CPU
		{23193B47-9C84-4A97-8F71-E3053ABEDBD2}.Debug|Any CPU.Build.0 = Debug|Any CPU
		{23193B47-9C84-4A97-8F71-E3053ABEDBD2}.Release|Any CPU.ActiveCfg = Release|Any CPU
		{23193B47-9C84-4A97-8F71-E3053ABEDBD2}.Release|Any CPU.Build.0 = Release|Any CPU
	EndGlobalSection
	GlobalSection(SolutionProperties) = preSolution
		HideSolutionNode = FALSE
	EndGlobalSection
	GlobalSection(ExtensibilityGlobals) = postSolution
		SolutionGuid = {F6BEE755-DB67-4E43-994B-2D9839039B56}
	EndGlobalSection
EndGlobal
